
Microsoft Visual Studio Solution File, Format Version 12.00
# Visual Studio 2012
Project("{FAE04EC0-301F-11D3-BF4B-00C04F79EFBC}") = "WindowsFormsApplication2", "WindowsFormsApplication2\WindowsFormsApplication2.csproj", "{A927595E-E356-4A8F-9701-24DECED55559}"
EndProject
Global
	GlobalSection(SolutionConfigurationPlatforms) = preSolution
		Debug|Any CPU = Debug|Any CPU
		Release|Any CPU = Release|Any CPU
	EndGlobalSection
	GlobalSection(ProjectConfigurationPlatforms) = postSolution
		{A927595E-E356-4A8F-9701-24DECED55559}.Debug|Any CPU.ActiveCfg = Debug|Any CPU
		{A927595E-E356-4A8F-9701-24DECED55559}.Debug|Any CPU.Build.0 = Debug|Any CPU
		{A927595E-E356-4A8F-9701-24DECED55559}.Release|Any CPU.ActiveCfg = Release|Any CPU
		{A927595E-E356-4A8F-9701-24DECED55559}.Release|Any CPU.Build.0 = Release|Any CPU
	EndGlobalSection
	GlobalSection(SolutionProperties) = preSolution
		HideSolutionNode = FALSE
	EndGlobalSection
EndGlobal
